
Microsoft Visual Studio Solution File, Format Version 12.00
# Visual Studio Version 16
VisualStudioVersion = 16.0.30320.27
MinimumVisualStudioVersion = 10.0.40219.1
Project("{FAE04EC0-301F-11D3-BF4B-00C04F79EFBC}") = "NotMaliciousService", "NotMaliciousService.csproj", "{6DACF6A5-409E-467A-9529-E18AA50FC8F0}"
EndProject
Global
	GlobalSection(SolutionConfigurationPlatforms) = preSolution
		Debug|Any CPU = Debug|Any CPU
		Release|Any CPU = Release|Any CPU
	EndGlobalSection
	GlobalSection(ProjectConfigurationPlatforms) = postSolution
		{6DACF6A5-409E-467A-9529-E18AA50FC8F0}.Debug|Any CPU.ActiveCfg = Debug|Any CPU
		{6DACF6A5-409E-467A-9529-E18AA50FC8F0}.Debug|Any CPU.Build.0 = Debug|Any CPU
		{6DACF6A5-409E-467A-9529-E18AA50FC8F0}.Release|Any CPU.ActiveCfg = Release|Any CPU
		{6DACF6A5-409E-467A-9529-E18AA50FC8F0}.Release|Any CPU.Build.0 = Release|Any CPU
	EndGlobalSection
	GlobalSection(SolutionProperties) = preSolution
		HideSolutionNode = FALSE
	EndGlobalSection
	GlobalSection(ExtensibilityGlobals) = postSolution
		SolutionGuid = {50B45F8E-229A-472D-9FE3-B241E89A4BDF}
	EndGlobalSection
EndGlobal
